
Microsoft Visual Studio Solution File, Format Version 12.00
# Visual Studio 15
VisualStudioVersion = 15.0.28307.329
MinimumVisualStudioVersion = 10.0.40219.1
Project("{9A19103F-16F7-4668-BE54-9A1E7A4F7556}") = "Estate.API", "Estate.API\Estate.API.csproj", "{D2777DAD-6033-4936-9B87-15F52CDFA65D}"
EndProject
Project("{FAE04EC0-301F-11D3-BF4B-00C04F79EFBC}") = "Estate.API.Posts", "Estate.API.Posts\Estate.API.Posts.csproj", "{405ACFFB-7891-49D8-A9AC-0572B0F831A3}"
EndProject
Global
	GlobalSection(SolutionConfigurationPlatforms) = preSolution
		Debug|Any CPU = Debug|Any CPU
		Release|Any CPU = Release|Any CPU
	EndGlobalSection
	GlobalSection(ProjectConfigurationPlatforms) = postSolution
		{D2777DAD-6033-4936-9B87-15F52CDFA65D}.Debug|Any CPU.ActiveCfg = Debug|Any CPU
		{D2777DAD-6033-4936-9B87-15F52CDFA65D}.Debug|Any CPU.Build.0 = Debug|Any CPU
		{D2777DAD-6033-4936-9B87-15F52CDFA65D}.Release|Any CPU.ActiveCfg = Release|Any CPU
		{D2777DAD-6033-4936-9B87-15F52CDFA65D}.Release|Any CPU.Build.0 = Release|Any CPU
		{405ACFFB-7891-49D8-A9AC-0572B0F831A3}.Debug|Any CPU.ActiveCfg = Debug|Any CPU
		{405ACFFB-7891-49D8-A9AC-0572B0F831A3}.Debug|Any CPU.Build.0 = Debug|Any CPU
		{405ACFFB-7891-49D8-A9AC-0572B0F831A3}.Release|Any CPU.ActiveCfg = Release|Any CPU
		{405ACFFB-7891-49D8-A9AC-0572B0F831A3}.Release|Any CPU.Build.0 = Release|Any CPU
	EndGlobalSection
	GlobalSection(SolutionProperties) = preSolution
		HideSolutionNode = FALSE
	EndGlobalSection
	GlobalSection(ExtensibilityGlobals) = postSolution
		SolutionGuid = {7190C451-F3CB-410A-826D-2A4297C0BD9A}
	EndGlobalSection
EndGlobal
